
Microsoft Visual Studio Solution File, Format Version 12.00
# Visual Studio 14
VisualStudioVersion = 14.0.25420.1
MinimumVisualStudioVersion = 10.0.40219.1
Project("{D954291E-2A0B-460D-934E-DC6B0785DB48}") = "Infrastructure", "Infrastructure\Infrastructure.shproj", "{632CE737-173B-48AE-B557-8D7695D510E4}"
EndProject
Global
	GlobalSection(SharedMSBuildProjectFiles) = preSolution
		Infrastructure\Infrastructure.projitems*{632ce737-173b-48ae-b557-8d7695d510e4}*SharedItemsImports = 13
	EndGlobalSection
	GlobalSection(SolutionProperties) = preSolution
		HideSolutionNode = FALSE
	EndGlobalSection
EndGlobal
